
Microsoft Visual Studio Solution File, Format Version 12.00
# Visual Studio Version 17
VisualStudioVersion = 17.5.002.0
MinimumVisualStudioVersion = 10.0.40219.1
Project("{9A19103F-16F7-4668-BE54-9A1E7A4F7556}") = "wyzwanie21", "wyzwanie21.csproj", "{046291C5-2D9A-4039-ADF7-DFAAF48FCE17}"
EndProject
Global
	GlobalSection(SolutionConfigurationPlatforms) = preSolution
		Debug|Any CPU = Debug|Any CPU
		Release|Any CPU = Release|Any CPU
	EndGlobalSection
	GlobalSection(ProjectConfigurationPlatforms) = postSolution
		{046291C5-2D9A-4039-ADF7-DFAAF48FCE17}.Debug|Any CPU.ActiveCfg = Debug|Any CPU
		{046291C5-2D9A-4039-ADF7-DFAAF48FCE17}.Debug|Any CPU.Build.0 = Debug|Any CPU
		{046291C5-2D9A-4039-ADF7-DFAAF48FCE17}.Release|Any CPU.ActiveCfg = Release|Any CPU
		{046291C5-2D9A-4039-ADF7-DFAAF48FCE17}.Release|Any CPU.Build.0 = Release|Any CPU
	EndGlobalSection
	GlobalSection(SolutionProperties) = preSolution
		HideSolutionNode = FALSE
	EndGlobalSection
	GlobalSection(ExtensibilityGlobals) = postSolution
		SolutionGuid = {4FF589A2-62AE-400D-A0B2-5C316EADDCE5}
	EndGlobalSection
EndGlobal
